[[package]]
name = "astroid"
version = "2.4.2"
description = "An abstract syntax tree for Python with inference support."
category = "dev"
optional = false
python-versions = ">=3.5"

[package.dependencies]
lazy-object-proxy = ">=1.4.0,<1.5.0"
six = ">=1.12,<2.0"
wrapt = ">=1.11,<2.0"

[[package]]
name = "attrdict"
version = "2.0.1"
description = "A dict with attribute-style access"
category = "main"
optional = false
python-versions = "*"

[package.dependencies]
six = "*"

[[package]]
name = "autopep8"
version = "1.5.4"
description = "A tool that automatically formats Python code to conform to the PEP 8 style guide"
category = "dev"
optional = false
python-versions = "*"

[package.dependencies]
pycodestyle = ">=2.6.0"
toml = "*"

[[package]]
name = "certifi"
version = "2020.6.20"
description = "Python package for providing Mozilla's CA Bundle."
category = "main"
optional = false
python-versions = "*"

[[package]]
name = "chardet"
version = "3.0.4"
description = "Universal encoding detector for Python 2 and 3"
category = "main"
optional = false
python-versions = "*"

[[package]]
name = "colorama"
version = "0.4.3"
description = "Cross-platform colored terminal text."
category = "dev"
optional = false
python-versions = ">=2.7, !=3.0.*, !=3.1.*, !=3.2.*, !=3.3.*, !=3.4.*"

[[package]]
name = "cycler"
version = "0.10.0"
description = "Composable style cycles"
category = "main"
optional = false
python-versions = "*"

[package.dependencies]
six = "*"

[[package]]
name = "future"
version = "0.18.2"
description = "Clean single-source support for Python 3 and 2"
category = "main"
optional = false
python-versions = ">=2.6, !=3.0.*, !=3.1.*, !=3.2.*"

[[package]]
name = "idna"
version = "2.10"
description = "Internationalized Domain Names in Applications (IDNA)"
category = "main"
optional = false
python-versions = ">=2.7, !=3.0.*, !=3.1.*, !=3.2.*, !=3.3.*"

[[package]]
name = "isort"
version = "5.4.2"
description = "A Python utility / library to sort Python imports."
category = "dev"
optional = false
python-versions = ">=3.6,<4.0"

[package.extras]
pipfile_deprecated_finder = ["pipreqs", "requirementslib", "tomlkit (>=0.5.3)"]
requirements_deprecated_finder = ["pipreqs", "pip-api"]
colors = ["colorama (>=0.4.3,<0.5.0)"]

[[package]]
name = "japanize-matplotlib"
version = "1.1.2"
description = "matplotlibのフォント設定を自動で日本語化する"
category = "main"
optional = false
python-versions = "*"

[package.dependencies]
matplotlib = "*"

[[package]]
name = "kiwisolver"
version = "1.2.0"
description = "A fast implementation of the Cassowary constraint solver"
category = "main"
optional = false
python-versions = ">=3.6"

[[package]]
name = "lazy-object-proxy"
version = "1.4.3"
description = "A fast and thorough lazy object proxy."
category = "dev"
optional = false
python-versions = ">=2.7, !=3.0.*, !=3.1.*, !=3.2.*, !=3.3.*"

[[package]]
name = "matplotlib"
version = "3.3.2"
description = "Python plotting package"
category = "main"
optional = false
python-versions = ">=3.6"

[package.dependencies]
certifi = ">=2020.06.20"
cycler = ">=0.10"
kiwisolver = ">=1.0.1"
numpy = ">=1.15"
pillow = ">=6.2.0"
pyparsing = ">=2.0.3,<2.0.4 || >2.0.4,<2.1.2 || >2.1.2,<2.1.6 || >2.1.6"
python-dateutil = ">=2.1"

[[package]]
name = "mccabe"
version = "0.6.1"
description = "McCabe checker, plugin for flake8"
category = "dev"
optional = false
python-versions = "*"

[[package]]
name = "mecab"
version = "0.996.2"
description = "MeCab binding for many OSs (Windows, macOS, and Linux)"
category = "main"
optional = false
python-versions = "*"

[[package]]
name = "numpy"
version = "1.19.1"
description = "NumPy is the fundamental package for array computing with Python."
category = "main"
optional = false
python-versions = ">=3.6"

[[package]]
name = "pandas"
version = "1.1.3"
description = "Powerful data structures for data analysis, time series, and statistics"
category = "main"
optional = false
python-versions = ">=3.6.1"

[package.dependencies]
numpy = ">=1.15.4"
python-dateutil = ">=2.7.3"
pytz = ">=2017.2"

[package.extras]
test = ["pytest (>=4.0.2)", "pytest-xdist", "hypothesis (>=3.58)"]

[[package]]
name = "pillow"
version = "8.0.0"
description = "Python Imaging Library (Fork)"
category = "main"
optional = false
python-versions = ">=3.6"

[[package]]
name = "pycodestyle"
version = "2.6.0"
description = "Python style guide checker"
category = "dev"
optional = false
python-versions = ">=2.7, !=3.0.*, !=3.1.*, !=3.2.*, !=3.3.*"

[[package]]
name = "pylint"
version = "2.6.0"
description = "python code static checker"
category = "dev"
optional = false
python-versions = ">=3.5.*"

[package.dependencies]
astroid = ">=2.4.0,<=2.5"
colorama = {version = "*", markers = "sys_platform == \"win32\""}
isort = ">=4.2.5,<6"
mccabe = ">=0.6,<0.7"
toml = ">=0.7.1"

[[package]]
name = "pyparsing"
version = "2.4.7"
description = "Python parsing module"
category = "main"
optional = false
python-versions = ">=2.6, !=3.0.*, !=3.1.*, !=3.2.*"

[[package]]
name = "python-dateutil"
version = "2.8.1"
description = "Extensions to the standard Python datetime module"
category = "main"
optional = false
python-versions = "!=3.0.*,!=3.1.*,!=3.2.*,>=2.7"

[package.dependencies]
six = ">=1.5"

[[package]]
name = "pytz"
version = "2020.1"
description = "World timezone definitions, modern and historical"
category = "main"
optional = false
python-versions = "*"

[[package]]
name = "requests"
version = "2.24.0"
description = "Python HTTP for Humans."
category = "main"
optional = false
python-versions = ">=2.7, !=3.0.*, !=3.1.*, !=3.2.*, !=3.3.*, !=3.4.*"

[package.dependencies]
certifi = ">=2017.4.17"
chardet = ">=3.0.2,<4"
idna = ">=2.5,<3"
urllib3 = ">=1.21.1,<1.25.0 || >1.25.0,<1.25.1 || >1.25.1,<1.26"

[package.extras]
security = ["pyOpenSSL (>=0.14)", "cryptography (>=1.3.4)"]
socks = ["PySocks (>=1.5.6,<1.5.7 || >1.5.7)", "win-inet-pton"]

[[package]]
name = "scipy"
version = "1.5.3"
description = "SciPy: Scientific Library for Python"
category = "main"
optional = false
python-versions = ">=3.6"

[package.dependencies]
numpy = ">=1.14.5"

[[package]]
name = "seaborn"
version = "0.11.0"
description = "seaborn: statistical data visualization"
category = "main"
optional = false
python-versions = ">=3.6"

[package.dependencies]
matplotlib = ">=2.2"
numpy = ">=1.15"
pandas = ">=0.23"
scipy = ">=1.0"

[[package]]
name = "sentencepiece"
version = "0.1.92"
description = "SentencePiece python wrapper"
category = "main"
optional = false
python-versions = "*"

[[package]]
name = "six"
version = "1.15.0"
description = "Python 2 and 3 compatibility utilities"
category = "main"
optional = false
python-versions = ">=2.7, !=3.0.*, !=3.1.*, !=3.2.*"

[[package]]
name = "toml"
version = "0.10.1"
description = "Python Library for Tom's Obvious, Minimal Language"
category = "dev"
optional = false
python-versions = "*"

[[package]]
name = "torch"
version = "1.6.0"
description = "Tensors and Dynamic neural networks in Python with strong GPU acceleration"
category = "main"
optional = false
python-versions = ">=3.6.1"

[package.dependencies]
future = "*"
numpy = "*"

[[package]]
name = "torchtext"
version = "0.7.0"
description = "Text utilities and datasets for PyTorch"
category = "main"
optional = false
python-versions = ">=3.5"

[package.dependencies]
numpy = "*"
requests = "*"
sentencepiece = "*"
torch = "*"
tqdm = "*"

[[package]]
name = "tqdm"
version = "4.48.2"
description = "Fast, Extensible Progress Meter"
category = "main"
optional = false
python-versions = ">=2.6, !=3.0.*, !=3.1.*"

[package.extras]
dev = ["py-make (>=0.1.0)", "twine", "argopt", "pydoc-markdown"]

[[package]]
name = "urllib3"
version = "1.25.10"
description = "HTTP library with thread-safe connection pooling, file post, and more."
category = "main"
optional = false
python-versions = ">=2.7, !=3.0.*, !=3.1.*, !=3.2.*, !=3.3.*, !=3.4.*, <4"

[package.extras]
brotli = ["brotlipy (>=0.6.0)"]
secure = ["certifi", "cryptography (>=1.3.4)", "idna (>=2.0.0)", "pyOpenSSL (>=0.14)", "ipaddress"]
socks = ["PySocks (>=1.5.6,<1.5.7 || >1.5.7,<2.0)"]

[[package]]
name = "wrapt"
version = "1.12.1"
description = "Module for decorators, wrappers and monkey patching."
category = "dev"
optional = false
python-versions = "*"

[metadata]
lock-version = "1.1"
python-versions = "^3.8"
content-hash = "49e4ed2cfa5274d3e32eb0079734ff0e59d355bd2dbbae4fb1ffcbb654a7b0ff"

[metadata.files]
astroid = [
    {file = "astroid-2.4.2-py3-none-any.whl", hash = "sha256:bc58d83eb610252fd8de6363e39d4f1d0619c894b0ed24603b881c02e64c7386"},
    {file = "astroid-2.4.2.tar.gz", hash = "sha256:2f4078c2a41bf377eea06d71c9d2ba4eb8f6b1af2135bec27bbbb7d8f12bb703"},
]
attrdict = [
    {file = "attrdict-2.0.1-py2.py3-none-any.whl", hash = "sha256:9432e3498c74ff7e1b20b3d93b45d766b71cbffa90923496f82c4ae38b92be34"},
    {file = "attrdict-2.0.1.tar.gz", hash = "sha256:35c90698b55c683946091177177a9e9c0713a0860f0e049febd72649ccd77b70"},
]
autopep8 = [
    {file = "autopep8-1.5.4.tar.gz", hash = "sha256:d21d3901cb0da6ebd1e83fc9b0dfbde8b46afc2ede4fe32fbda0c7c6118ca094"},
]
certifi = [
    {file = "certifi-2020.6.20-py2.py3-none-any.whl", hash = "sha256:8fc0819f1f30ba15bdb34cceffb9ef04d99f420f68eb75d901e9560b8749fc41"},
    {file = "certifi-2020.6.20.tar.gz", hash = "sha256:5930595817496dd21bb8dc35dad090f1c2cd0adfaf21204bf6732ca5d8ee34d3"},
]
chardet = [
    {file = "chardet-3.0.4-py2.py3-none-any.whl", hash = "sha256:fc323ffcaeaed0e0a02bf4d117757b98aed530d9ed4531e3e15460124c106691"},
    {file = "chardet-3.0.4.tar.gz", hash = "sha256:84ab92ed1c4d4f16916e05906b6b75a6c0fb5db821cc65e70cbd64a3e2a5eaae"},
]
colorama = [
    {file = "colorama-0.4.3-py2.py3-none-any.whl", hash = "sha256:7d73d2a99753107a36ac6b455ee49046802e59d9d076ef8e47b61499fa29afff"},
    {file = "colorama-0.4.3.tar.gz", hash = "sha256:e96da0d330793e2cb9485e9ddfd918d456036c7149416295932478192f4436a1"},
]
cycler = [
    {file = "cycler-0.10.0-py2.py3-none-any.whl", hash = "sha256:1d8a5ae1ff6c5cf9b93e8811e581232ad8920aeec647c37316ceac982b08cb2d"},
    {file = "cycler-0.10.0.tar.gz", hash = "sha256:cd7b2d1018258d7247a71425e9f26463dfb444d411c39569972f4ce586b0c9d8"},
]
future = [
    {file = "future-0.18.2.tar.gz", hash = "sha256:b1bead90b70cf6ec3f0710ae53a525360fa360d306a86583adc6bf83a4db537d"},
]
idna = [
    {file = "idna-2.10-py2.py3-none-any.whl", hash = "sha256:b97d804b1e9b523befed77c48dacec60e6dcb0b5391d57af6a65a312a90648c0"},
    {file = "idna-2.10.tar.gz", hash = "sha256:b307872f855b18632ce0c21c5e45be78c0ea7ae4c15c828c20788b26921eb3f6"},
]
isort = [
    {file = "isort-5.4.2-py3-none-any.whl", hash = "sha256:60a1b97e33f61243d12647aaaa3e6cc6778f5eb9f42997650f1cc975b6008750"},
    {file = "isort-5.4.2.tar.gz", hash = "sha256:d488ba1c5a2db721669cc180180d5acf84ebdc5af7827f7aaeaa75f73cf0e2b8"},
]
japanize-matplotlib = [
    {file = "japanize-matplotlib-1.1.2.tar.gz", hash = "sha256:e2d9bb5ac2f2c37baf0991d43981fc63c2c5a3722e8e41dd6c31030220237b01"},
]
kiwisolver = [
    {file = "kiwisolver-1.2.0-cp36-cp36m-macosx_10_9_x86_64.whl", hash = "sha256:443c2320520eda0a5b930b2725b26f6175ca4453c61f739fef7a5847bd262f74"},
    {file = "kiwisolver-1.2.0-cp36-cp36m-manylinux1_i686.whl", hash = "sha256:efcf3397ae1e3c3a4a0a0636542bcad5adad3b1dd3e8e629d0b6e201347176c8"},
    {file = "kiwisolver-1.2.0-cp36-cp36m-manylinux1_x86_64.whl", hash = "sha256:fccefc0d36a38c57b7bd233a9b485e2f1eb71903ca7ad7adacad6c28a56d62d2"},
    {file = "kiwisolver-1.2.0-cp36-cp36m-manylinux2014_aarch64.whl", hash = "sha256:be046da49fbc3aa9491cc7296db7e8d27bcf0c3d5d1a40259c10471b014e4e0c"},
    {file = "kiwisolver-1.2.0-cp36-none-win32.whl", hash = "sha256:60a78858580761fe611d22127868f3dc9f98871e6fdf0a15cc4203ed9ba6179b"},
    {file = "kiwisolver-1.2.0-cp36-none-win_amd64.whl", hash = "sha256:556da0a5f60f6486ec4969abbc1dd83cf9b5c2deadc8288508e55c0f5f87d29c"},
    {file = "kiwisolver-1.2.0-cp37-cp37m-macosx_10_9_x86_64.whl", hash = "sha256:7cc095a4661bdd8a5742aaf7c10ea9fac142d76ff1770a0f84394038126d8fc7"},
    {file = "kiwisolver-1.2.0-cp37-cp37m-manylinux1_i686.whl", hash = "sha256:c955791d80e464da3b471ab41eb65cf5a40c15ce9b001fdc5bbc241170de58ec"},
    {file = "kiwisolver-1.2.0-cp37-cp37m-manylinux1_x86_64.whl", hash = "sha256:603162139684ee56bcd57acc74035fceed7dd8d732f38c0959c8bd157f913fec"},
    {file = "kiwisolver-1.2.0-cp37-cp37m-manylinux2014_aarch64.whl", hash = "sha256:63f55f490b958b6299e4e5bdac66ac988c3d11b7fafa522800359075d4fa56d1"},
    {file = "kiwisolver-1.2.0-cp37-none-win32.whl", hash = "sha256:03662cbd3e6729f341a97dd2690b271e51a67a68322affab12a5b011344b973c"},
    {file = "kiwisolver-1.2.0-cp37-none-win_amd64.whl", hash = "sha256:4eadb361baf3069f278b055e3bb53fa189cea2fd02cb2c353b7a99ebb4477ef1"},
    {file = "kiwisolver-1.2.0-cp38-cp38-macosx_10_9_x86_64.whl", hash = "sha256:c31bc3c8e903d60a1ea31a754c72559398d91b5929fcb329b1c3a3d3f6e72113"},
    {file = "kiwisolver-1.2.0-cp38-cp38-manylinux1_i686.whl", hash = "sha256:d52b989dc23cdaa92582ceb4af8d5bcc94d74b2c3e64cd6785558ec6a879793e"},
    {file = "kiwisolver-1.2.0-cp38-cp38-manylinux1_x86_64.whl", hash = "sha256:e586b28354d7b6584d8973656a7954b1c69c93f708c0c07b77884f91640b7657"},
    {file = "kiwisolver-1.2.0-cp38-cp38-manylinux2014_aarch64.whl", hash = "sha256:38d05c9ecb24eee1246391820ed7137ac42a50209c203c908154782fced90e44"},
    {file = "kiwisolver-1.2.0-cp38-none-win32.whl", hash = "sha256:d069ef4b20b1e6b19f790d00097a5d5d2c50871b66d10075dab78938dc2ee2cf"},
    {file = "kiwisolver-1.2.0-cp38-none-win_amd64.whl", hash = "sha256:18d749f3e56c0480dccd1714230da0f328e6e4accf188dd4e6884bdd06bf02dd"},
    {file = "kiwisolver-1.2.0.tar.gz", hash = "sha256:247800260cd38160c362d211dcaf4ed0f7816afb5efe56544748b21d6ad6d17f"},
]
lazy-object-proxy = [
    {file = "lazy-object-proxy-1.4.3.tar.gz", hash = "sha256:f3900e8a5de27447acbf900b4750b0ddfd7ec1ea7fbaf11dfa911141bc522af0"},
    {file = "lazy_object_proxy-1.4.3-cp27-cp27m-macosx_10_13_x86_64.whl", hash = "sha256:a2238e9d1bb71a56cd710611a1614d1194dc10a175c1e08d75e1a7bcc250d442"},
    {file = "lazy_object_proxy-1.4.3-cp27-cp27m-win32.whl", hash = "sha256:efa1909120ce98bbb3777e8b6f92237f5d5c8ea6758efea36a473e1d38f7d3e4"},
    {file = "lazy_object_proxy-1.4.3-cp27-cp27m-win_amd64.whl", hash = "sha256:4677f594e474c91da97f489fea5b7daa17b5517190899cf213697e48d3902f5a"},
    {file = "lazy_object_proxy-1.4.3-cp27-cp27mu-manylinux1_x86_64.whl", hash = "sha256:0c4b206227a8097f05c4dbdd323c50edf81f15db3b8dc064d08c62d37e1a504d"},
    {file = "lazy_object_proxy-1.4.3-cp34-cp34m-manylinux1_x86_64.whl", hash = "sha256:d945239a5639b3ff35b70a88c5f2f491913eb94871780ebfabb2568bd58afc5a"},
    {file = "lazy_object_proxy-1.4.3-cp34-cp34m-win32.whl", hash = "sha256:9651375199045a358eb6741df3e02a651e0330be090b3bc79f6d0de31a80ec3e"},
    {file = "lazy_object_proxy-1.4.3-cp34-cp34m-win_amd64.whl", hash = "sha256:eba7011090323c1dadf18b3b689845fd96a61ba0a1dfbd7f24b921398affc357"},
    {file = "lazy_object_proxy-1.4.3-cp35-cp35m-manylinux1_x86_64.whl", hash = "sha256:48dab84ebd4831077b150572aec802f303117c8cc5c871e182447281ebf3ac50"},
    {file = "lazy_object_proxy-1.4.3-cp35-cp35m-win32.whl", hash = "sha256:ca0a928a3ddbc5725be2dd1cf895ec0a254798915fb3a36af0964a0a4149e3db"},
    {file = "lazy_object_proxy-1.4.3-cp35-cp35m-win_amd64.whl", hash = "sha256:194d092e6f246b906e8f70884e620e459fc54db3259e60cf69a4d66c3fda3449"},
    {file = "lazy_object_proxy-1.4.3-cp36-cp36m-manylinux1_x86_64.whl", hash = "sha256:97bb5884f6f1cdce0099f86b907aa41c970c3c672ac8b9c8352789e103cf3156"},
    {file = "lazy_object_proxy-1.4.3-cp36-cp36m-win32.whl", hash = "sha256:cb2c7c57005a6804ab66f106ceb8482da55f5314b7fcb06551db1edae4ad1531"},
    {file = "lazy_object_proxy-1.4.3-cp36-cp36m-win_amd64.whl", hash = "sha256:8d859b89baf8ef7f8bc6b00aa20316483d67f0b1cbf422f5b4dc56701c8f2ffb"},
    {file = "lazy_object_proxy-1.4.3-cp37-cp37m-macosx_10_13_x86_64.whl", hash = "sha256:1be7e4c9f96948003609aa6c974ae59830a6baecc5376c25c92d7d697e684c08"},
    {file = "lazy_object_proxy-1.4.3-cp37-cp37m-manylinux1_x86_64.whl", hash = "sha256:d74bb8693bf9cf75ac3b47a54d716bbb1a92648d5f781fc799347cfc95952383"},
    {file = "lazy_object_proxy-1.4.3-cp37-cp37m-win32.whl", hash = "sha256:9b15f3f4c0f35727d3a0fba4b770b3c4ebbb1fa907dbcc046a1d2799f3edd142"},
    {file = "lazy_object_proxy-1.4.3-cp37-cp37m-win_amd64.whl", hash = "sha256:9254f4358b9b541e3441b007a0ea0764b9d056afdeafc1a5569eee1cc6c1b9ea"},
    {file = "lazy_object_proxy-1.4.3-cp38-cp38-manylinux1_x86_64.whl", hash = "sha256:a6ae12d08c0bf9909ce12385803a543bfe99b95fe01e752536a60af2b7797c62"},
    {file = "lazy_object_proxy-1.4.3-cp38-cp38-win32.whl", hash = "sha256:5541cada25cd173702dbd99f8e22434105456314462326f06dba3e180f203dfd"},
    {file = "lazy_object_proxy-1.4.3-cp38-cp38-win_amd64.whl", hash = "sha256:59f79fef100b09564bc2df42ea2d8d21a64fdcda64979c0fa3db7bdaabaf6239"},
]
matplotlib = [
    {file = "matplotlib-3.3.2-cp36-cp36m-macosx_10_9_x86_64.whl", hash = "sha256:27f9de4784ae6fb97679556c5542cf36c0751dccb4d6407f7c62517fa2078868"},
    {file = "matplotlib-3.3.2-cp36-cp36m-manylinux1_i686.whl", hash = "sha256:06866c138d81a593b535d037b2727bec9b0818cadfe6a81f6ec5715b8dd38a89"},
    {file = "matplotlib-3.3.2-cp36-cp36m-manylinux1_x86_64.whl", hash = "sha256:5ccecb5f78b51b885f0028b646786889f49c54883e554fca41a2a05998063f23"},
    {file = "matplotlib-3.3.2-cp36-cp36m-win32.whl", hash = "sha256:69cf76d673682140f46c6cb5e073332c1f1b2853c748dc1cb04f7d00023567f7"},
    {file = "matplotlib-3.3.2-cp36-cp36m-win_amd64.whl", hash = "sha256:371518c769d84af8ec9b7dcb871ac44f7a67ef126dd3a15c88c25458e6b6d205"},
    {file = "matplotlib-3.3.2-cp37-cp37m-macosx_10_9_x86_64.whl", hash = "sha256:793e061054662aa27acaff9201cdd510a698541c6e8659eeceb31d66c16facc6"},
    {file = "matplotlib-3.3.2-cp37-cp37m-manylinux1_i686.whl", hash = "sha256:16b241c3d17be786966495229714de37de04472da472277869b8d5b456a8df00"},
    {file = "matplotlib-3.3.2-cp37-cp37m-manylinux1_x86_64.whl", hash = "sha256:3fb0409754b26f48045bacd6818e44e38ca9338089f8ba689e2f9344ff2847c7"},
    {file = "matplotlib-3.3.2-cp37-cp37m-win32.whl", hash = "sha256:548cfe81476dbac44db96e9c0b074b6fb333b4d1f12b1ae68dbed47e45166384"},
    {file = "matplotlib-3.3.2-cp37-cp37m-win_amd64.whl", hash = "sha256:f0268613073df055bcc6a490de733012f2cf4fe191c1adb74e41cec8add1a165"},
    {file = "matplotlib-3.3.2-cp38-cp38-macosx_10_9_x86_64.whl", hash = "sha256:57be9e21073fc367237b03ecac0d9e4b8ddbe38e86ec4a316857d8d93ac9286c"},
    {file = "matplotlib-3.3.2-cp38-cp38-manylinux1_i686.whl", hash = "sha256:be2f0ec62e0939a9dcfd3638c140c5a74fc929ee3fd1f31408ab8633db6e1523"},
    {file = "matplotlib-3.3.2-cp38-cp38-manylinux1_x86_64.whl", hash = "sha256:c5d0c2ae3e3ed4e9f46b7c03b40d443601012ffe8eb8dfbb2bd6b2d00509f797"},
    {file = "matplotlib-3.3.2-cp38-cp38-win32.whl", hash = "sha256:a522de31e07ed7d6f954cda3fbd5ca4b8edbfc592a821a7b00291be6f843292e"},
    {file = "matplotlib-3.3.2-cp38-cp38-win_amd64.whl", hash = "sha256:8bc1d3284dee001f41ec98f59675f4d723683e1cc082830b440b5f081d8e0ade"},
    {file = "matplotlib-3.3.2-pp36-pypy36_pp73-macosx_10_9_x86_64.whl", hash = "sha256:799c421bc245a0749c1515b6dea6dc02db0a8c1f42446a0f03b3b82a60a900dc"},
    {file = "matplotlib-3.3.2-pp36-pypy36_pp73-manylinux2010_x86_64.whl", hash = "sha256:2f5eefc17dc2a71318d5a3496313be5c351c0731e8c4c6182c9ac3782cfc4076"},
    {file = "matplotlib-3.3.2.tar.gz", hash = "sha256:3d2edbf59367f03cd9daf42939ca06383a7d7803e3993eb5ff1bee8e8a3fbb6b"},
]
mccabe = [
    {file = "mccabe-0.6.1-py2.py3-none-any.whl", hash = "sha256:ab8a6258860da4b6677da4bd2fe5dc2c659cff31b3ee4f7f5d64e79735b80d42"},
    {file = "mccabe-0.6.1.tar.gz", hash = "sha256:dd8d182285a0fe56bace7f45b5e7d1a6ebcbf524e8f3bd87eb0f125271b8831f"},
]
mecab = [
    {file = "mecab-0.996.2-cp27-cp27m-win32.whl", hash = "sha256:35cfaab24b4445bc2e11ee0ae138933a41e31883232e2d9017df98cc2a9c604d"},
    {file = "mecab-0.996.2-cp27-cp27m-win_amd64.whl", hash = "sha256:096bc3fb638e349dcfb171d71a1cfaebf8b93b06a13209e9a607132b62cb3357"},
    {file = "mecab-0.996.2-cp36-cp36m-win32.whl", hash = "sha256:9868fcacc887a6848634682394d9b3b388fe724408e0c2d0cc40c0d902df9e49"},
    {file = "mecab-0.996.2-cp36-cp36m-win_amd64.whl", hash = "sha256:9449d2e99c051517d088c40f035bb710b60ef74cf10494ec882316e4d86ec526"},
    {file = "mecab-0.996.2-cp37-cp37m-win32.whl", hash = "sha256:13d41749d5a7314edd6ff4df22fc3dd80843e6002a2ae080376d3a448ead9274"},
    {file = "mecab-0.996.2-cp37-cp37m-win_amd64.whl", hash = "sha256:0afedab4824fc6c25349801edfc857e430b8c85c6d7c417e04d67a2759c00087"},
    {file = "mecab-0.996.2-cp38-cp38-win32.whl", hash = "sha256:6c6b042a73dc0bb7ec34c2c91683f5d0327f6f46539fed3afb4d123dc64cab3c"},
    {file = "mecab-0.996.2-cp38-cp38-win_amd64.whl", hash = "sha256:95685c2b7b1e30d42506d19f6ada8b135ef0006097585f410c0bfe4921f6d6f2"},
    {file = "mecab-0.996.2.tar.gz", hash = "sha256:ec8e46e4930e091c25f9f2dc740543bfc483482917dc1340fd914a9344de5b10"},
]
numpy = [
    {file = "numpy-1.19.1-cp36-cp36m-macosx_10_9_x86_64.whl", hash = "sha256:b1cca51512299841bf69add3b75361779962f9cee7d9ee3bb446d5982e925b69"},
    {file = "numpy-1.19.1-cp36-cp36m-manylinux1_i686.whl", hash = "sha256:c9591886fc9cbe5532d5df85cb8e0cc3b44ba8ce4367bd4cf1b93dc19713da72"},
    {file = "numpy-1.19.1-cp36-cp36m-manylinux1_x86_64.whl", hash = "sha256:cf1347450c0b7644ea142712619533553f02ef23f92f781312f6a3553d031fc7"},
    {file = "numpy-1.19.1-cp36-cp36m-manylinux2010_i686.whl", hash = "sha256:ed8a311493cf5480a2ebc597d1e177231984c818a86875126cfd004241a73c3e"},
    {file = "numpy-1.19.1-cp36-cp36m-manylinux2010_x86_64.whl", hash = "sha256:3673c8b2b29077f1b7b3a848794f8e11f401ba0b71c49fbd26fb40b71788b132"},
    {file = "numpy-1.19.1-cp36-cp36m-manylinux2014_aarch64.whl", hash = "sha256:56ef7f56470c24bb67fb43dae442e946a6ce172f97c69f8d067ff8550cf782ff"},
    {file = "numpy-1.19.1-cp36-cp36m-win32.whl", hash = "sha256:aaf42a04b472d12515debc621c31cf16c215e332242e7a9f56403d814c744624"},
    {file = "numpy-1.19.1-cp36-cp36m-win_amd64.whl", hash = "sha256:082f8d4dd69b6b688f64f509b91d482362124986d98dc7dc5f5e9f9b9c3bb983"},
    {file = "numpy-1.19.1-cp37-cp37m-macosx_10_9_x86_64.whl", hash = "sha256:e4f6d3c53911a9d103d8ec9518190e52a8b945bab021745af4939cfc7c0d4a9e"},
    {file = "numpy-1.19.1-cp37-cp37m-manylinux1_i686.whl", hash = "sha256:5b6885c12784a27e957294b60f97e8b5b4174c7504665333c5e94fbf41ae5d6a"},
    {file = "numpy-1.19.1-cp37-cp37m-manylinux1_x86_64.whl", hash = "sha256:1bc0145999e8cb8aed9d4e65dd8b139adf1919e521177f198529687dbf613065"},
    {file = "numpy-1.19.1-cp37-cp37m-manylinux2010_i686.whl", hash = "sha256:5a936fd51049541d86ccdeef2833cc89a18e4d3808fe58a8abeb802665c5af93"},
    {file = "numpy-1.19.1-cp37-cp37m-manylinux2010_x86_64.whl", hash = "sha256:ef71a1d4fd4858596ae80ad1ec76404ad29701f8ca7cdcebc50300178db14dfc"},
    {file = "numpy-1.19.1-cp37-cp37m-manylinux2014_aarch64.whl", hash = "sha256:b9792b0ac0130b277536ab8944e7b754c69560dac0415dd4b2dbd16b902c8954"},
    {file = "numpy-1.19.1-cp37-cp37m-win32.whl", hash = "sha256:b12e639378c741add21fbffd16ba5ad25c0a1a17cf2b6fe4288feeb65144f35b"},
    {file = "numpy-1.19.1-cp37-cp37m-win_amd64.whl", hash = "sha256:8343bf67c72e09cfabfab55ad4a43ce3f6bf6e6ced7acf70f45ded9ebb425055"},
    {file = "numpy-1.19.1-cp38-cp38-macosx_10_9_x86_64.whl", hash = "sha256:e45f8e981a0ab47103181773cc0a54e650b2aef8c7b6cd07405d0fa8d869444a"},
    {file = "numpy-1.19.1-cp38-cp38-manylinux1_i686.whl", hash = "sha256:667c07063940e934287993366ad5f56766bc009017b4a0fe91dbd07960d0aba7"},
    {file = "numpy-1.19.1-cp38-cp38-manylinux1_x86_64.whl", hash = "sha256:480fdd4dbda4dd6b638d3863da3be82873bba6d32d1fc12ea1b8486ac7b8d129"},
    {file = "numpy-1.19.1-cp38-cp38-manylinux2010_i686.whl", hash = "sha256:935c27ae2760c21cd7354402546f6be21d3d0c806fffe967f745d5f2de5005a7"},
    {file = "numpy-1.19.1-cp38-cp38-manylinux2010_x86_64.whl", hash = "sha256:309cbcfaa103fc9a33ec16d2d62569d541b79f828c382556ff072442226d1968"},
    {file = "numpy-1.19.1-cp38-cp38-manylinux2014_aarch64.whl", hash = "sha256:7ed448ff4eaffeb01094959b19cbaf998ecdee9ef9932381420d514e446601cd"},
    {file = "numpy-1.19.1-cp38-cp38-win32.whl", hash = "sha256:de8b4a9b56255797cbddb93281ed92acbc510fb7b15df3f01bd28f46ebc4edae"},
    {file = "numpy-1.19.1-cp38-cp38-win_amd64.whl", hash = "sha256:92feb989b47f83ebef246adabc7ff3b9a59ac30601c3f6819f8913458610bdcc"},
    {file = "numpy-1.19.1-pp36-pypy36_pp73-manylinux2010_x86_64.whl", hash = "sha256:e1b1dc0372f530f26a03578ac75d5e51b3868b9b76cd2facba4c9ee0eb252ab1"},
    {file = "numpy-1.19.1.zip", hash = "sha256:b8456987b637232602ceb4d663cb34106f7eb780e247d51a260b84760fd8f491"},
]
pandas = [
    {file = "pandas-1.1.3-cp36-cp36m-macosx_10_9_x86_64.whl", hash = "sha256:882012763668af54b48f1412bab95c5cc0a7ccce5a2a8221cfc3839a6e3394ef"},
    {file = "pandas-1.1.3-cp36-cp36m-manylinux1_i686.whl", hash = "sha256:206d7c3e5356dcadf082e64dc25c24bc8541718045826074f96346e9d6d05a20"},
    {file = "pandas-1.1.3-cp36-cp36m-manylinux1_x86_64.whl", hash = "sha256:ca31ac8578d48da354cf66a473d4d5ff99277ca71d321dc7ea4e6fad3c6bb0fd"},
    {file = "pandas-1.1.3-cp36-cp36m-manylinux2014_aarch64.whl", hash = "sha256:fd6f05b6101d0e76f3e5c26a47be5be7be96ed84ef3981dc1852e76898e73594"},
    {file = "pandas-1.1.3-cp36-cp36m-win32.whl", hash = "sha256:ca71a5aa9eeb3ef5b31feca7d9b6369d6b3d0b2e9c85d7a89abe3ecb013f1e86"},
    {file = "pandas-1.1.3-cp36-cp36m-win_amd64.whl", hash = "sha256:54f5f564058b0280d588c3758abde82e280702c440db5faf0c686b80336096f9"},
    {file = "pandas-1.1.3-cp37-cp37m-macosx_10_9_x86_64.whl", hash = "sha256:3a038cd5da602b955d335aa80cbaa0e5774f68501ff47b9c21509906981478da"},
    {file = "pandas-1.1.3-cp37-cp37m-manylinux1_i686.whl", hash = "sha256:24f61f40febe47edac271eda45d683e42838b7db2bd0f82574d9800259d2b182"},
    {file = "pandas-1.1.3-cp37-cp37m-manylinux1_x86_64.whl", hash = "sha256:427be9938b2f79ab298de84f87693914cda238a27cf10580da96caf3dff64115"},
    {file = "pandas-1.1.3-cp37-cp37m-manylinux2014_aarch64.whl", hash = "sha256:5a8a84b75ca3a29bb4263b35d5ed9fcaae2b062f014feed8c5daa897339c7d85"},
    {file = "pandas-1.1.3-cp37-cp37m-win32.whl", hash = "sha256:c22e40f1b4d162ca18eb6b2c572e63eef220dbc9cc3de0241cefb77972621bb7"},
    {file = "pandas-1.1.3-cp37-cp37m-win_amd64.whl", hash = "sha256:920d30fdff65a079f071db635d282b4f583c2b26f2b58d5dca218aac7c59974d"},
    {file = "pandas-1.1.3-cp38-cp38-macosx_10_9_x86_64.whl", hash = "sha256:d6b1f9d506dc23da2915bcae5c5968990049c9cec44108bd9855d2c7c89d91dc"},
    {file = "pandas-1.1.3-cp38-cp38-manylinux1_i686.whl", hash = "sha256:b11b496c317dbe007898de699fd59eaf687d0fe8c1b7dad109db6010155d28ae"},
    {file = "pandas-1.1.3-cp38-cp38-manylinux1_x86_64.whl", hash = "sha256:d89dbc58aec1544722a8d5046f880b597c497ef8a82c5fe695b4b2effafac5ec"},
    {file = "pandas-1.1.3-cp38-cp38-manylinux2014_aarch64.whl", hash = "sha256:df43ea0e9fd9f9672b0de9cac26d01255ad50481994bf3cb4687c21eec2d7bbc"},
    {file = "pandas-1.1.3-cp38-cp38-win32.whl", hash = "sha256:a605054fbca71ed1d08bb2aef6f73c84a579bbac956bfe8f9718d5e84cb41248"},
    {file = "pandas-1.1.3-cp38-cp38-win_amd64.whl", hash = "sha256:84a4ffe668df357e31f98c829536e3a7142c3036c82f996e639f644c5d32eda1"},
    {file = "pandas-1.1.3.tar.gz", hash = "sha256:babbeda2f83b0686c9ad38d93b10516e68cdcd5771007eb80a763e98aaf44613"},
]
pillow = [
    {file = "Pillow-8.0.0-cp36-cp36m-macosx_10_10_x86_64.whl", hash = "sha256:b04569ff215b85ce3e2954979d2d5e0bf84007e43ddcf84b632fc6bc18e07909"},
    {file = "Pillow-8.0.0-cp36-cp36m-manylinux1_i686.whl", hash = "sha256:594f2f25b7bcfd9542c41b9df156fb5104f19f5fcefa51b1447f1d9f64c9cc14"},
    {file = "Pillow-8.0.0-cp36-cp36m-manylinux1_x86_64.whl", hash = "sha256:87a855b64a9b692604f6339baa4f9913d06838df1b4ccf0cb899dd18f56ec03c"},
    {file = "Pillow-8.0.0-cp36-cp36m-manylinux2014_aarch64.whl", hash = "sha256:b731d45764349313bd956c07bdc1d43803bb0ad2b11354328a074e416c7d84bc"},
    {file = "Pillow-8.0.0-cp36-cp36m-win32.whl", hash = "sha256:30615e9115f976e00a938a28c7152562e8cf8e221ddacf4446dd8b20c0d97333"},
    {file = "Pillow-8.0.0-cp36-cp36m-win_amd64.whl", hash = "sha256:e6ac40f1a62a227eb00226eb64c9c82bc878a3ed700b5414d34c9be57be87e87"},
    {file = "Pillow-8.0.0-cp37-cp37m-macosx_10_10_x86_64.whl", hash = "sha256:2696f1a6402c1a42ed12c5cd8adfb4b381c32d41e35a34b8ee544309ef854172"},
    {file = "Pillow-8.0.0-cp37-cp37m-manylinux1_i686.whl", hash = "sha256:5b5dde5dcedc4e6f5a71d7654a3c6e189ced82e97d7896b1ca5a5c5e4e0e916f"},
    {file = "Pillow-8.0.0-cp37-cp37m-manylinux1_x86_64.whl", hash = "sha256:04d984e45a0b9815f4b407e8aadb50f25fbb82a605d89db927376e94c3adf371"},
    {file = "Pillow-8.0.0-cp37-cp37m-manylinux2014_aarch64.whl", hash = "sha256:6bcea85f93fb2c94a1bcd35704c348a929a7fb24a0ec0cc2b9fcbb0046b87176"},
    {file = "Pillow-8.0.0-cp37-cp37m-win32.whl", hash = "sha256:233513465a2f25fce537b965621866da3d1f02e15708f371dd4e19f0fb7b7711"},
    {file = "Pillow-8.0.0-cp37-cp37m-win_amd64.whl", hash = "sha256:d904570afcdbec40eb6bdbe24cba8d95c0215a2c0cbbc9c16301045bc8504c1f"},
    {file = "Pillow-8.0.0-cp38-cp38-macosx_10_10_x86_64.whl", hash = "sha256:8c006d52365c0a6bb41a07f9c8f9f458ae8170e0af3b8c49bf7089347066b97b"},
    {file = "Pillow-8.0.0-cp38-cp38-manylinux1_i686.whl", hash = "sha256:9b5b41737853bc49943864d5980dfb401a09e78ddb471e71291810ccdeadd712"},
    {file = "Pillow-8.0.0-cp38-cp38-manylinux1_x86_64.whl", hash = "sha256:3a77e7b9f8991b81d7be8e0b2deab05013cf3ebb24ac2b863d2979acb68c73dd"},
    {file = "Pillow-8.0.0-cp38-cp38-manylinux2014_aarch64.whl", hash = "sha256:c41442c3814afeba1f6f16fd70cdf312a2c73c6dee8dc3ac8926bb115713ad1d"},
    {file = "Pillow-8.0.0-cp38-cp38-win32.whl", hash = "sha256:718d7f0eb3351052023b33fe0f83fc9e3beeb7cbacbd0ff2b52524e2153e4598"},
    {file = "Pillow-8.0.0-cp38-cp38-win_amd64.whl", hash = "sha256:7c4a7ee37027ca716f42726b6f9fc491c13c843c7af559e0767dfab1ae9682d4"},
    {file = "Pillow-8.0.0-cp39-cp39-macosx_10_10_x86_64.whl", hash = "sha256:54667c8ab16658cc0b7d824d8706b440d4db8382a3561042758bdfd48ca99298"},
    {file = "Pillow-8.0.0-cp39-cp39-manylinux1_i686.whl", hash = "sha256:1f59596af2b3d64a9e43f9d6509b7a51db744d0eecc23297617c604e6823c6ae"},
    {file = "Pillow-8.0.0-cp39-cp39-manylinux1_x86_64.whl", hash = "sha256:f5270369c799b4405ed47d45c88c09fbd7942fc9fb9891c0dabf0b8c751b625d"},
    {file = "Pillow-8.0.0-cp39-cp39-manylinux2014_aarch64.whl", hash = "sha256:8e29701229705615d3dcfc439c7c46f40f913e57c7fe322b1efc30d3f37d1287"},
    {file = "Pillow-8.0.0-cp39-cp39-win32.whl", hash = "sha256:c12e33cb17e2e12049a49b77696ee479791a4e44e541fdc393ae043e1246389f"},
    {file = "Pillow-8.0.0-cp39-cp39-win_amd64.whl", hash = "sha256:06e730451b70471c08b8a0ee7f18e7e1df310dba9c780bbfb730a13102b143db"},
    {file = "Pillow-8.0.0-pp36-pypy36_pp73-macosx_10_10_x86_64.whl", hash = "sha256:c4d743c5c91424965707c9c8edc58b7cb43c127dcaf191fbcd304e2082eef56a"},
    {file = "Pillow-8.0.0-pp36-pypy36_pp73-manylinux2010_x86_64.whl", hash = "sha256:2ca55a4443b463eec90528ac27be14d226b1c2b972178bc7d4d282ce89e47b6a"},
    {file = "Pillow-8.0.0-pp36-pypy36_pp73-win32.whl", hash = "sha256:e674be2f349ea810e221b0113bd4491f53584ac848d5bcc3b62443cfa11d9c40"},
    {file = "Pillow-8.0.0-pp37-pypy37_pp73-win32.whl", hash = "sha256:d6766fd28f4f47cf93280a57e3dc6a9d11bdada1a6e9f019b8c62b12bbc86f6a"},
    {file = "Pillow-8.0.0.tar.gz", hash = "sha256:59304c67d12394815331eda95ec892bf54ad95e0aa7bc1ccd8e0a4a5a25d4bf3"},
]
pycodestyle = [
    {file = "pycodestyle-2.6.0-py2.py3-none-any.whl", hash = "sha256:2295e7b2f6b5bd100585ebcb1f616591b652db8a741695b3d8f5d28bdc934367"},
    {file = "pycodestyle-2.6.0.tar.gz", hash = "sha256:c58a7d2815e0e8d7972bf1803331fb0152f867bd89adf8a01dfd55085434192e"},
]
pylint = [
    {file = "pylint-2.6.0-py3-none-any.whl", hash = "sha256:bfe68f020f8a0fece830a22dd4d5dddb4ecc6137db04face4c3420a46a52239f"},
    {file = "pylint-2.6.0.tar.gz", hash = "sha256:bb4a908c9dadbc3aac18860550e870f58e1a02c9f2c204fdf5693d73be061210"},
]
pyparsing = [
    {file = "pyparsing-2.4.7-py2.py3-none-any.whl", hash = "sha256:ef9d7589ef3c200abe66653d3f1ab1033c3c419ae9b9bdb1240a85b024efc88b"},
    {file = "pyparsing-2.4.7.tar.gz", hash = "sha256:c203ec8783bf771a155b207279b9bccb8dea02d8f0c9e5f8ead507bc3246ecc1"},
]
python-dateutil = [
    {file = "python-dateutil-2.8.1.tar.gz", hash = "sha256:73ebfe9dbf22e832286dafa60473e4cd239f8592f699aa5adaf10050e6e1823c"},
    {file = "python_dateutil-2.8.1-py2.py3-none-any.whl", hash = "sha256:75bb3f31ea686f1197762692a9ee6a7550b59fc6ca3a1f4b5d7e32fb98e2da2a"},
]
pytz = [
    {file = "pytz-2020.1-py2.py3-none-any.whl", hash = "sha256:a494d53b6d39c3c6e44c3bec237336e14305e4f29bbf800b599253057fbb79ed"},
    {file = "pytz-2020.1.tar.gz", hash = "sha256:c35965d010ce31b23eeb663ed3cc8c906275d6be1a34393a1d73a41febf4a048"},
]
requests = [
    {file = "requests-2.24.0-py2.py3-none-any.whl", hash = "sha256:fe75cc94a9443b9246fc7049224f75604b113c36acb93f87b80ed42c44cbb898"},
    {file = "requests-2.24.0.tar.gz", hash = "sha256:b3559a131db72c33ee969480840fff4bb6dd111de7dd27c8ee1f820f4f00231b"},
]
scipy = [
    {file = "scipy-1.5.3-cp36-cp36m-macosx_10_9_x86_64.whl", hash = "sha256:f574558f1b774864516f3c3fe072ebc90a29186f49b720f60ed339294b7f32ac"},
    {file = "scipy-1.5.3-cp36-cp36m-manylinux1_i686.whl", hash = "sha256:e527c9221b6494bcd06a17f9f16874406b32121385f9ab353b8a9545be458f0b"},
    {file = "scipy-1.5.3-cp36-cp36m-manylinux1_x86_64.whl", hash = "sha256:b9751b39c52a3fa59312bd2e1f40144ee26b51404db5d2f0d5259c511ff6f614"},
    {file = "scipy-1.5.3-cp36-cp36m-manylinux2014_aarch64.whl", hash = "sha256:d5e3cc60868f396b78fc881d2c76460febccfe90f6d2f082b9952265c79a8788"},
    {file = "scipy-1.5.3-cp36-cp36m-win32.whl", hash = "sha256:1fee28b6641ecbff6e80fe7788e50f50c5576157d278fa40f36c851940eb0aff"},
    {file = "scipy-1.5.3-cp36-cp36m-win_amd64.whl", hash = "sha256:ffcbd331f1ffa82e22f1d408e93c37463c9a83088243158635baec61983aaacf"},
    {file = "scipy-1.5.3-cp37-cp37m-macosx_10_9_x86_64.whl", hash = "sha256:07b083128beae040f1129bd8a82b01804f5e716a7fd2962c1053fa683433e4ab"},
    {file = "scipy-1.5.3-cp37-cp37m-manylinux1_i686.whl", hash = "sha256:e2602f79c85924e4486f684aa9bbab74afff90606100db88d0785a0088be7edb"},
    {file = "scipy-1.5.3-cp37-cp37m-manylinux1_x86_64.whl", hash = "sha256:aebb69bcdec209d874fc4b0c7ac36f509d50418a431c1422465fa34c2c0143ea"},
    {file = "scipy-1.5.3-cp37-cp37m-manylinux2014_aarch64.whl", hash = "sha256:bc0e63daf43bf052aefbbd6c5424bc03f629d115ece828e87303a0bcc04a37e4"},
    {file = "scipy-1.5.3-cp37-cp37m-win32.whl", hash = "sha256:8cc5c39ed287a8b52a5509cd6680af078a40b0e010e2657eca01ffbfec929468"},
    {file = "scipy-1.5.3-cp37-cp37m-win_amd64.whl", hash = "sha256:0edd67e8a00903aaf7a29c968555a2e27c5a69fea9d1dcfffda80614281a884f"},
    {file = "scipy-1.5.3-cp38-cp38-macosx_10_9_x86_64.whl", hash = "sha256:66ec29348444ed6e8a14c9adc2de65e74a8fc526dc2c770741725464488ede1f"},
    {file = "scipy-1.5.3-cp38-cp38-manylinux1_i686.whl", hash = "sha256:12fdcbfa56cac926a0a9364a30cbf4ad03c2c7b59f75b14234656a5e4fd52bf3"},
    {file = "scipy-1.5.3-cp38-cp38-manylinux1_x86_64.whl", hash = "sha256:a1a13858b10d41beb0413c4378462b43eafef88a1948d286cb357eadc0aec024"},
    {file = "scipy-1.5.3-cp38-cp38-manylinux2014_aarch64.whl", hash = "sha256:5163200ab14fd2b83aba8f0c4ddcc1fa982a43192867264ab0f4c8065fd10d17"},
    {file = "scipy-1.5.3-cp38-cp38-win32.whl", hash = "sha256:33e6a7439f43f37d4c1135bc95bcd490ffeac6ef4b374892c7005ce2c729cf4a"},
    {file = "scipy-1.5.3-cp38-cp38-win_amd64.whl", hash = "sha256:a3db1fe7c6cb29ca02b14c9141151ebafd11e06ffb6da8ecd330eee5c8283a8a"},
    {file = "scipy-1.5.3.tar.gz", hash = "sha256:ddae76784574cc4c172f3d5edd7308be16078dd3b977e8746860c76c195fa707"},
]
seaborn = [
    {file = "seaborn-0.11.0-py3-none-any.whl", hash = "sha256:62439a38482decdb263a8339f54ecb9823995ad8716abc830e91ca0753201e70"},
    {file = "seaborn-0.11.0.tar.gz", hash = "sha256:390f8437b14f5ce845062f2865ad51656464c306d09bb97d7764c6cba1dd607c"},
]
sentencepiece = [
    {file = "sentencepiece-0.1.92-cp27-cp27m-macosx_10_6_x86_64.whl", hash = "sha256:366cd4e01e723075786f0383d6b153965c09567ced96618dc2a3be2ca7353d5a"},
    {file = "sentencepiece-0.1.92-cp27-cp27m-manylinux1_i686.whl", hash = "sha256:d1a2d2d83e1e9b38f873fadef090c0d6c020f522bf7f256b92ffe5464e0d8ef9"},
    {file = "sentencepiece-0.1.92-cp27-cp27m-manylinux1_x86_64.whl", hash = "sha256:040c91321e3ad1b468283a2518bdcddcd7eaed61072dbe65357f03551b2a33c4"},
    {file = "sentencepiece-0.1.92-cp27-cp27mu-manylinux1_i686.whl", hash = "sha256:e6e32647417084623b4d17ec2e16de4be112198be9536d760ade05fb53749a3b"},
    {file = "sentencepiece-0.1.92-cp27-cp27mu-manylinux1_x86_64.whl", hash = "sha256:997bc09c70e9d6f8b880bffaf83900cf1dabf65afd0b4ea5461b4c813caaec40"},
    {file = "sentencepiece-0.1.92-cp35-cp35m-macosx_10_6_x86_64.whl", hash = "sha256:d15c0550b9e034ed7c43357abfbbe05e8c05e63116162ca9e2c4557b6dca2653"},
    {file = "sentencepiece-0.1.92-cp35-cp35m-manylinux1_i686.whl", hash = "sha256:3d6760dad64d228bbd655aee5063a379e05d348efb3914334110e813fb0db941"},
    {file = "sentencepiece-0.1.92-cp35-cp35m-manylinux1_x86_64.whl", hash = "sha256:e6ab8b0b67b345581aa0b49c0fc58a8c7515eb4a27b9cc24d3cbfe2affbdd7e8"},
    {file = "sentencepiece-0.1.92-cp36-cp36m-macosx_10_6_x86_64.whl", hash = "sha256:9939d818053e0929edbb144f14487e2cd007a32445658aa0376673aefc87d6d3"},
    {file = "sentencepiece-0.1.92-cp36-cp36m-manylinux1_i686.whl", hash = "sha256:7755b14655e882fffeb4b76571bc6074d048727fb3b081b7605381edadcf9442"},
    {file = "sentencepiece-0.1.92-cp36-cp36m-manylinux1_x86_64.whl", hash = "sha256:7fd16c761339f593596b63e50810a2d2eff964d428ab79a49674c7371c055561"},
    {file = "sentencepiece-0.1.92-cp36-cp36m-win32.whl", hash = "sha256:de808a218b197e6105bacafe0008a1c76d5c5d9be3d10dc4c6d2974653f01034"},
    {file = "sentencepiece-0.1.92-cp36-cp36m-win_amd64.whl", hash = "sha256:fa9cb02572bc28dad2c53761678d314e194bd8d3a87a3eb545427915b5034c57"},
    {file = "sentencepiece-0.1.92-cp37-cp37m-macosx_10_6_x86_64.whl", hash = "sha256:3d8c36c21d4ed395f24b98e3289128448e23288b8f1a9242d5f33df13d16fd90"},
    {file = "sentencepiece-0.1.92-cp37-cp37m-manylinux1_i686.whl", hash = "sha256:b36a8dfd4de5c65ed0712839985efa4ecd21b645d870db5c18823b29f6c9117a"},
    {file = "sentencepiece-0.1.92-cp37-cp37m-manylinux1_x86_64.whl", hash = "sha256:da5e5c29b4754da8cda52e72a1bfcfddd7d60bfe73bdf8e286650eacc205ac62"},
    {file = "sentencepiece-0.1.92-cp37-cp37m-win32.whl", hash = "sha256:ef587b573700e77e6bd8e4d702e71129ec71171c712cd15bac351d5726d611fa"},
    {file = "sentencepiece-0.1.92-cp37-cp37m-win_amd64.whl", hash = "sha256:c46a687723433d2e933ecbe201d818c3b7a18d0e0043794ed750c3472391b0c7"},
    {file = "sentencepiece-0.1.92-cp38-cp38-macosx_10_6_x86_64.whl", hash = "sha256:8e314d06ff358881df0ee784f653d222c4ea551eb7fcac00c80b082d63810602"},
    {file = "sentencepiece-0.1.92-cp38-cp38-manylinux1_i686.whl", hash = "sha256:fbb9060839c95799029f4ddf2154aa0fd2e73836e589b1c8ea02ece236252599"},
    {file = "sentencepiece-0.1.92-cp38-cp38-manylinux1_x86_64.whl", hash = "sha256:0ae4ff32626786d8c46823bdffce1098dcd5c8fdf0875000b9b95974301d8162"},
    {file = "sentencepiece-0.1.92-cp38-cp38-win32.whl", hash = "sha256:f7a695e6bfc1a78dddacb0cbbbaba02a12da26ec1570cb91a9744fd46467a9fc"},
    {file = "sentencepiece-0.1.92-cp38-cp38-win_amd64.whl", hash = "sha256:21c23ebe3c7299bd3d2e09f68a669b28d3a2f652f67798176840b5a31f952667"},
    {file = "sentencepiece-0.1.92.tar.gz", hash = "sha256:5daf059b31ef82b52698f86891ed8376550d36a5b87a4a3590a94a255346ee08"},
]
six = [
    {file = "six-1.15.0-py2.py3-none-any.whl", hash = "sha256:8b74bedcbbbaca38ff6d7491d76f2b06b3592611af620f8426e82dddb04a5ced"},
    {file = "six-1.15.0.tar.gz", hash = "sha256:30639c035cdb23534cd4aa2dd52c3bf48f06e5f4a941509c8bafd8ce11080259"},
]
toml = [
    {file = "toml-0.10.1-py2.py3-none-any.whl", hash = "sha256:bda89d5935c2eac546d648028b9901107a595863cb36bae0c73ac804a9b4ce88"},
    {file = "toml-0.10.1.tar.gz", hash = "sha256:926b612be1e5ce0634a2ca03470f95169cf16f939018233a670519cb4ac58b0f"},
]
torch = [
    {file = "torch-1.6.0-cp36-cp36m-manylinux1_x86_64.whl", hash = "sha256:7669f4d923b5758e28b521ea749c795ed67ff24b45ba20296bc8cff706d08df8"},
    {file = "torch-1.6.0-cp36-none-macosx_10_9_x86_64.whl", hash = "sha256:728facb972a5952323c6d790c2c5922b2b35c44b0bc7bdfa02f8639727671a0c"},
    {file = "torch-1.6.0-cp37-cp37m-manylinux1_x86_64.whl", hash = "sha256:87d65c01d1b70bb46070824f28bfd93c86d3c5c56b90cbbe836a3f2491d91c76"},
    {file = "torch-1.6.0-cp37-none-macosx_10_9_x86_64.whl", hash = "sha256:3838bd01af7dfb1f78573973f6842ce75b17e8e4f22be99c891dcb7c94bc13f5"},
    {file = "torch-1.6.0-cp38-cp38-manylinux1_x86_64.whl", hash = "sha256:5357873e243bcfa804c32dc341f564e9a4c12addfc9baae4ee857fcc09a0a216"},
    {file = "torch-1.6.0-cp38-none-macosx_10_9_x86_64.whl", hash = "sha256:4f9a4ad7947cef566afb0a323d99009fe8524f0b0f2ca1fb7ad5de0400381a5b"},
]
torchtext = [
    {file = "torchtext-0.7.0-cp36-cp36m-macosx_10_9_x86_64.whl", hash = "sha256:4438cfd2b3f45f3ddf3acf1e2ac61cd14fd44bf45b0a56aa266666f49d6a2083"},
    {file = "torchtext-0.7.0-cp36-cp36m-manylinux1_x86_64.whl", hash = "sha256:09bda774d37a1c84bdd89edaa3f4ded0a14bd1e1a52d2407c665cf9d133c9473"},
    {file = "torchtext-0.7.0-cp37-cp37m-macosx_10_9_x86_64.whl", hash = "sha256:f3a238bd0ca68c0fd5a84459419c6589b48d720ecacb11b5c5d664cf61a0a747"},
    {file = "torchtext-0.7.0-cp37-cp37m-manylinux1_x86_64.whl", hash = "sha256:a17e361dc3d6e1b96d0ea00223fee82b9725c1580726acb53dba23bca0a2fe04"},
    {file = "torchtext-0.7.0-cp38-cp38-macosx_10_9_x86_64.whl", hash = "sha256:874ab595613220070b8eb9abb31c3c8a0353ab741d537c9da9bf01d39e79dc8a"},
    {file = "torchtext-0.7.0-cp38-cp38-manylinux1_x86_64.whl", hash = "sha256:04816a0cdb29153e10a32075b6171fc94be94ecd5dece3eeb8bbfc41faf63637"},
]
tqdm = [
    {file = "tqdm-4.48.2-py2.py3-none-any.whl", hash = "sha256:1a336d2b829be50e46b84668691e0a2719f26c97c62846298dd5ae2937e4d5cf"},
    {file = "tqdm-4.48.2.tar.gz", hash = "sha256:564d632ea2b9cb52979f7956e093e831c28d441c11751682f84c86fc46e4fd21"},
]
urllib3 = [
    {file = "urllib3-1.25.10-py2.py3-none-any.whl", hash = "sha256:e7983572181f5e1522d9c98453462384ee92a0be7fac5f1413a1e35c56cc0461"},
    {file = "urllib3-1.25.10.tar.gz", hash = "sha256:91056c15fa70756691db97756772bb1eb9678fa585d9184f24534b100dc60f4a"},
]
wrapt = [
    {file = "wrapt-1.12.1.tar.gz", hash = "sha256:b62ffa81fb85f4332a4f609cab4ac40709470da05643a082ec1eb88e6d9b97d7"},
]
